
Microsoft Visual Studio Solution File, Format Version 12.00
# Visual Studio Version 17
VisualStudioVersion = 17.4.33205.214
MinimumVisualStudioVersion = 10.0.40219.1
Project("{FAE04EC0-301F-11D3-BF4B-00C04F79EFBC}") = "Practica2023", "Practica2023.csproj", "{7725DF72-5701-492F-BDD2-1ACF02B262F3}"
EndProject
Project("{FAE04EC0-301F-11D3-BF4B-00C04F79EFBC}") = "Practica2023.Business", "..\Practica2023.Business\Practica2023.Business.csproj", "{2EE94C61-5C6D-42EB-AED8-54ECF022B3CE}"
EndProject
Project("{FAE04EC0-301F-11D3-BF4B-00C04F79EFBC}") = "Practica2023.Data", "..\Practica2023.Data\Practica2023.Data.csproj", "{C7C6E583-9AE2-4A44-947B-0A8D59BD9577}"
EndProject
Global
	GlobalSection(SolutionConfigurationPlatforms) = preSolution
		Debug|Any CPU = Debug|Any CPU
		Release|Any CPU = Release|Any CPU
	EndGlobalSection
	GlobalSection(ProjectConfigurationPlatforms) = postSolution
		{7725DF72-5701-492F-BDD2-1ACF02B262F3}.Debug|Any CPU.ActiveCfg = Debug|Any CPU
		{7725DF72-5701-492F-BDD2-1ACF02B262F3}.Debug|Any CPU.Build.0 = Debug|Any CPU
		{7725DF72-5701-492F-BDD2-1ACF02B262F3}.Release|Any CPU.ActiveCfg = Release|Any CPU
		{7725DF72-5701-492F-BDD2-1ACF02B262F3}.Release|Any CPU.Build.0 = Release|Any CPU
		{2EE94C61-5C6D-42EB-AED8-54ECF022B3CE}.Debug|Any CPU.ActiveCfg = Debug|Any CPU
		{2EE94C61-5C6D-42EB-AED8-54ECF022B3CE}.Debug|Any CPU.Build.0 = Debug|Any CPU
		{2EE94C61-5C6D-42EB-AED8-54ECF022B3CE}.Release|Any CPU.ActiveCfg = Release|Any CPU
		{2EE94C61-5C6D-42EB-AED8-54ECF022B3CE}.Release|Any CPU.Build.0 = Release|Any CPU
		{C7C6E583-9AE2-4A44-947B-0A8D59BD9577}.Debug|Any CPU.ActiveCfg = Debug|Any CPU
		{C7C6E583-9AE2-4A44-947B-0A8D59BD9577}.Debug|Any CPU.Build.0 = Debug|Any CPU
		{C7C6E583-9AE2-4A44-947B-0A8D59BD9577}.Release|Any CPU.ActiveCfg = Release|Any CPU
		{C7C6E583-9AE2-4A44-947B-0A8D59BD9577}.Release|Any CPU.Build.0 = Release|Any CPU
	EndGlobalSection
	GlobalSection(SolutionProperties) = preSolution
		HideSolutionNode = FALSE
	EndGlobalSection
	GlobalSection(ExtensibilityGlobals) = postSolution
		SolutionGuid = {62B9174F-86B4-44B2-BE61-658432485E22}
	EndGlobalSection
EndGlobal
